# This file is autogenerated, do not edit; changes may be undone by the next 'dep ensure'.


[[projects]]
  branch = "master"
  digest = "1:8f5fdb79a7a38f6b7dafbc47f620322f384a0cb06858cb28df0e5635e5bb4df4"
  name = "github.com/bitrise-io/go-steputils"
  packages = [
    "stepconf",
    "tools",
  ]
  pruneopts = "UT"
  revision = "f540824d77dfd382ce84fd0ee0a9da2fba1cce0a"

[[projects]]
  branch = "master"
  digest = "1:a7897243f1e32c769d7fb5d6e5c2266573f670beb84e5e2eb15dda04eabef786"
  name = "github.com/bitrise-io/go-utils"
  packages = [
    "colorstring",
    "command",
    "errorutil",
    "log",
    "parseutil",
    "pathutil",
    "pointers",
    "retry",
  ]
  pruneopts = "UT"
  revision = "ad86bf775472ce1934affb9d3cb7d5ea3dffd16f"

[[projects]]
  digest = "1:52636c91e07ed839a33aeeb354d4d39b3f4cd24257a888830bd0b23d2c9085d3"
  name = "github.com/bitrise-io/go-xamarin"
  packages = ["constants"]
  pruneopts = "UT"
  revision = "b606925d252ea57da52c8999e9dcc92bb35f9456"
  version = "1.2.0"

[[projects]]
  branch = "master"
  digest = "1:b4a78e1ddb138091262a820a34c2091890599de1a81310c3a153dce2a9bfa810"
  name = "github.com/bitrise-tools/go-steputils"
  packages = ["cache"]
  pruneopts = "UT"
  revision = "f540824d77dfd382ce84fd0ee0a9da2fba1cce0a"

[solve-meta]
  analyzer-name = "dep"
  analyzer-version = 1
  input-imports = [
    "github.com/bitrise-io/go-steputils/stepconf",
    "github.com/bitrise-io/go-utils/command",
    "github.com/bitrise-io/go-utils/log",
    "github.com/bitrise-io/go-utils/pathutil",
    "github.com/bitrise-io/go-utils/retry",
    "github.com/bitrise-io/go-xamarin/constants",
    "github.com/bitrise-tools/go-steputils/cache",
  ]
  solver-name = "gps-cdcl"
  solver-version = 1
